
Microsoft Visual Studio Solution File, Format Version 11.00
# Visual Studio 2010
Project("{F184B08F-C81C-45F6-A57F-5ABD9991F28F}") = "INCITS_ConverterResizer", "INCITS_ConverterResizer\INCITS_ConverterResizer.vbproj", "{127545DE-B30E-46DC-9036-CD1FF98D502D}"
EndProject
Global
	GlobalSection(SolutionConfigurationPlatforms) = preSolution
		Debug|x86 = Debug|x86
		Release|x86 = Release|x86
	EndGlobalSection
	GlobalSection(ProjectConfigurationPlatforms) = postSolution
		{127545DE-B30E-46DC-9036-CD1FF98D502D}.Debug|x86.ActiveCfg = Debug|x86
		{127545DE-B30E-46DC-9036-CD1FF98D502D}.Debug|x86.Build.0 = Debug|x86
		{127545DE-B30E-46DC-9036-CD1FF98D502D}.Release|x86.ActiveCfg = Release|x86
		{127545DE-B30E-46DC-9036-CD1FF98D502D}.Release|x86.Build.0 = Release|x86
	EndGlobalSection
	GlobalSection(SolutionProperties) = preSolution
		HideSolutionNode = FALSE
	EndGlobalSection
EndGlobal
